
Microsoft Visual Studio Solution File, Format Version 12.00
# Visual Studio Version 16
VisualStudioVersion = 16.0.31005.135
MinimumVisualStudioVersion = 10.0.40219.1
Project("{9A19103F-16F7-4668-BE54-9A1E7A4F7556}") = "PlatformWell", "PlatformWell.csproj", "{8875F746-243D-404E-8BDD-7332F92EF97F}"
EndProject
Global
	GlobalSection(SolutionConfigurationPlatforms) = preSolution
		Debug|Any CPU = Debug|Any CPU
		Release|Any CPU = Release|Any CPU
	EndGlobalSection
	GlobalSection(ProjectConfigurationPlatforms) = postSolution
		{8875F746-243D-404E-8BDD-7332F92EF97F}.Debug|Any CPU.ActiveCfg = Debug|Any CPU
		{8875F746-243D-404E-8BDD-7332F92EF97F}.Debug|Any CPU.Build.0 = Debug|Any CPU
		{8875F746-243D-404E-8BDD-7332F92EF97F}.Release|Any CPU.ActiveCfg = Release|Any CPU
		{8875F746-243D-404E-8BDD-7332F92EF97F}.Release|Any CPU.Build.0 = Release|Any CPU
	EndGlobalSection
	GlobalSection(SolutionProperties) = preSolution
		HideSolutionNode = FALSE
	EndGlobalSection
	GlobalSection(ExtensibilityGlobals) = postSolution
		SolutionGuid = {090D2D02-382A-40F5-8D8C-26D1FC050A26}
	EndGlobalSection
EndGlobal
